{
  "name": "frontend",
  "lockfileVersion": 3,
  "requires": true,
  "packages": {
    "": {
      "dependencies": {
        "justbuy": "file:.."
      }
    },
    "..": {
      "name": "justbuy",
      "version": "1.0.0",
      "license": "ISC",
      "dependencies": {
        "dotenv": "^17.2.2",
        "express": "^5.1.0",
        "justbuy": "file:",
        "mongoose": "^8.18.0",
        "zustand": "^5.0.8"
      },
      "devDependencies": {
        "nodemon": "^3.1.10"
      }
    },
    "node_modules/justbuy": {
      "resolved": "..",
      "link": true
    }
  }
}
